PODS:
  - Expecta (1.0.0)
  - Specta (0.2.1)
  - TopTabBarView (0.1.0)

DEPENDENCIES:
  - Expecta
  - Specta (~> 0.2.1)
  - TopTabBarView (from `..`)

EXTERNAL SOURCES:
  TopTabBarView:
    :path: ".."

SPEC CHECKSUMS:
  Expecta: 32604574add2c46a36f8d2f716b6c5736eb75024
  Specta: 15a276a6343867b426d5ed135d5aa4d04123a573
  TopTabBarView: d5bbb014d89a88498d3d939779638ae6f11a52b6

COCOAPODS: 0.37.2
